
Microsoft Visual Studio Solution File, Format Version 12.00
# Visual Studio Version 16
VisualStudioVersion = 16.0.30907.101
MinimumVisualStudioVersion = 10.0.40219.1
Project("{FAE04EC0-301F-11D3-BF4B-00C04F79EFBC}") = "ClassMetotDemo2", "ClassMetotDemo2\ClassMetotDemo2.csproj", "{D3B84591-DB61-4387-890E-1C99AA95D6CE}"
EndProject
Global
	GlobalSection(SolutionConfigurationPlatforms) = preSolution
		Debug|Any CPU = Debug|Any CPU
		Release|Any CPU = Release|Any CPU
	EndGlobalSection
	GlobalSection(ProjectConfigurationPlatforms) = postSolution
		{D3B84591-DB61-4387-890E-1C99AA95D6CE}.Debug|Any CPU.ActiveCfg = Debug|Any CPU
		{D3B84591-DB61-4387-890E-1C99AA95D6CE}.Debug|Any CPU.Build.0 = Debug|Any CPU
		{D3B84591-DB61-4387-890E-1C99AA95D6CE}.Release|Any CPU.ActiveCfg = Release|Any CPU
		{D3B84591-DB61-4387-890E-1C99AA95D6CE}.Release|Any CPU.Build.0 = Release|Any CPU
	EndGlobalSection
	GlobalSection(SolutionProperties) = preSolution
		HideSolutionNode = FALSE
	EndGlobalSection
	GlobalSection(ExtensibilityGlobals) = postSolution
		SolutionGuid = {F5D796EE-675D-452A-8560-8A6B7051E9A2}
	EndGlobalSection
EndGlobal
